
Microsoft Visual Studio Solution File, Format Version 12.00
# Visual Studio 2012
Project("{FAE04EC0-301F-11D3-BF4B-00C04F79EFBC}") = "FinanceProjector.Test", "FinanceProjector.Test\FinanceProjector.Test.csproj", "{14054917-5A57-487E-BD07-FDF96E0EDDCA}"
EndProject
Project("{FAE04EC0-301F-11D3-BF4B-00C04F79EFBC}") = "FinanceProjector", "FinanceProjector\FinanceProjector.csproj", "{7273ED5F-45B8-4D8C-AC28-0877C928D155}"
EndProject
Project("{FAE04EC0-301F-11D3-BF4B-00C04F79EFBC}") = "FinanceProjector.Web", "FinanceProjector.Web\FinanceProjector.Web.csproj", "{2ABEE766-9243-41E9-9780-9EF54A396F47}"
EndProject
Project("{FAE04EC0-301F-11D3-BF4B-00C04F79EFBC}") = "FinanceProjector.Web.Tests", "FinanceProjector.Web.Tests\FinanceProjector.Web.Tests.csproj", "{68193FCB-C8B5-4BCA-93B5-1229F4DF750F}"
EndProject
Global
	GlobalSection(SolutionConfigurationPlatforms) = preSolution
		Debug|Any CPU = Debug|Any CPU
		Release|Any CPU = Release|Any CPU
	EndGlobalSection
	GlobalSection(ProjectConfigurationPlatforms) = postSolution
		{14054917-5A57-487E-BD07-FDF96E0EDDCA}.Debug|Any CPU.ActiveCfg = Debug|Any CPU
		{14054917-5A57-487E-BD07-FDF96E0EDDCA}.Debug|Any CPU.Build.0 = Debug|Any CPU
		{14054917-5A57-487E-BD07-FDF96E0EDDCA}.Release|Any CPU.ActiveCfg = Release|Any CPU
		{14054917-5A57-487E-BD07-FDF96E0EDDCA}.Release|Any CPU.Build.0 = Release|Any CPU
		{7273ED5F-45B8-4D8C-AC28-0877C928D155}.Debug|Any CPU.ActiveCfg = Debug|Any CPU
		{7273ED5F-45B8-4D8C-AC28-0877C928D155}.Debug|Any CPU.Build.0 = Debug|Any CPU
		{7273ED5F-45B8-4D8C-AC28-0877C928D155}.Release|Any CPU.ActiveCfg = Release|Any CPU
		{7273ED5F-45B8-4D8C-AC28-0877C928D155}.Release|Any CPU.Build.0 = Release|Any CPU
		{2ABEE766-9243-41E9-9780-9EF54A396F47}.Debug|Any CPU.ActiveCfg = Debug|Any CPU
		{2ABEE766-9243-41E9-9780-9EF54A396F47}.Debug|Any CPU.Build.0 = Debug|Any CPU
		{2ABEE766-9243-41E9-9780-9EF54A396F47}.Release|Any CPU.ActiveCfg = Release|Any CPU
		{2ABEE766-9243-41E9-9780-9EF54A396F47}.Release|Any CPU.Build.0 = Release|Any CPU
		{68193FCB-C8B5-4BCA-93B5-1229F4DF750F}.Debug|Any CPU.ActiveCfg = Debug|Any CPU
		{68193FCB-C8B5-4BCA-93B5-1229F4DF750F}.Debug|Any CPU.Build.0 = Debug|Any CPU
		{68193FCB-C8B5-4BCA-93B5-1229F4DF750F}.Release|Any CPU.ActiveCfg = Release|Any CPU
		{68193FCB-C8B5-4BCA-93B5-1229F4DF750F}.Release|Any CPU.Build.0 = Release|Any CPU
	EndGlobalSection
	GlobalSection(SolutionProperties) = preSolution
		HideSolutionNode = FALSE
	EndGlobalSection
EndGlobal
